
Microsoft Visual Studio Solution File, Format Version 12.00
# Visual Studio Version 16
VisualStudioVersion = 16.0.31205.134
MinimumVisualStudioVersion = 10.0.40219.1
Project("{FAE04EC0-301F-11D3-BF4B-00C04F79EFBC}") = "BusTicket", "BusTicket\BusTicket.csproj", "{6AADEA4E-CE59-486B-98E8-F70C0688A53D}"
EndProject
Global
	GlobalSection(SolutionConfigurationPlatforms) = preSolution
		Debug|Any CPU = Debug|Any CPU
		Release|Any CPU = Release|Any CPU
	EndGlobalSection
	GlobalSection(ProjectConfigurationPlatforms) = postSolution
		{6AADEA4E-CE59-486B-98E8-F70C0688A53D}.Debug|Any CPU.ActiveCfg = Debug|Any CPU
		{6AADEA4E-CE59-486B-98E8-F70C0688A53D}.Debug|Any CPU.Build.0 = Debug|Any CPU
		{6AADEA4E-CE59-486B-98E8-F70C0688A53D}.Release|Any CPU.ActiveCfg = Release|Any CPU
		{6AADEA4E-CE59-486B-98E8-F70C0688A53D}.Release|Any CPU.Build.0 = Release|Any CPU
	EndGlobalSection
	GlobalSection(SolutionProperties) = preSolution
		HideSolutionNode = FALSE
	EndGlobalSection
	GlobalSection(ExtensibilityGlobals) = postSolution
		SolutionGuid = {277CD7B0-F34B-4E33-A618-C46F4A072E6A}
	EndGlobalSection
EndGlobal
